
Microsoft Visual Studio Solution File, Format Version 12.00
# Visual Studio Version 16
VisualStudioVersion = 16.0.29230.61
MinimumVisualStudioVersion = 10.0.40219.1
Project("{8BC9CEB8-8B4A-11D0-8D11-00A0C91BC942}") = "WebView2Demo", "WebView2Demo\WebView2Demo.vcxproj", "{624F0CED-55D7-440B-837C-06C5922CD025}"
EndProject
Global
	GlobalSection(SolutionConfigurationPlatforms) = preSolution
		Debug|x64 = Debug|x64
		Debug|x86 = Debug|x86
		Release|x64 = Release|x64
		Release|x86 = Release|x86
	EndGlobalSection
	GlobalSection(ProjectConfigurationPlatforms) = postSolution
		{624F0CED-55D7-440B-837C-06C5922CD025}.Debug|x64.ActiveCfg = Debug|x64
		{624F0CED-55D7-440B-837C-06C5922CD025}.Debug|x64.Build.0 = Debug|x64
		{624F0CED-55D7-440B-837C-06C5922CD025}.Debug|x86.ActiveCfg = Debug|Win32
		{624F0CED-55D7-440B-837C-06C5922CD025}.Debug|x86.Build.0 = Debug|Win32
		{624F0CED-55D7-440B-837C-06C5922CD025}.Release|x64.ActiveCfg = Release|x64
		{624F0CED-55D7-440B-837C-06C5922CD025}.Release|x64.Build.0 = Release|x64
		{624F0CED-55D7-440B-837C-06C5922CD025}.Release|x86.ActiveCfg = Release|Win32
		{624F0CED-55D7-440B-837C-06C5922CD025}.Release|x86.Build.0 = Release|Win32
	EndGlobalSection
	GlobalSection(SolutionProperties) = preSolution
		HideSolutionNode = FALSE
	EndGlobalSection
	GlobalSection(ExtensibilityGlobals) = postSolution
		SolutionGuid = {AEFCE70C-2723-40B6-A868-1C7F1D6548F7}
	EndGlobalSection
EndGlobal
